
Microsoft Visual Studio Solution File, Format Version 12.00
# Visual Studio 14
VisualStudioVersion = 14.0.25420.1
MinimumVisualStudioVersion = 10.0.40219.1
Project("{FAE04EC0-301F-11D3-BF4B-00C04F79EFBC}") = "Clinic", "Clinic\Clinic.csproj", "{7D304C11-4C0F-41DE-845F-CEAEA33BC21E}"
EndProject
Project("{54435603-DBB4-11D2-8724-00A0C9A8B90C}") = "myClinic", "myClinic\myClinic.vdproj", "{B8E1D3A6-33E2-4843-8390-37ECF47992AF}"
EndProject
Global
	GlobalSection(SolutionConfigurationPlatforms) = preSolution
		Debug|Any CPU = Debug|Any CPU
		Release|Any CPU = Release|Any CPU
	EndGlobalSection
	GlobalSection(ProjectConfigurationPlatforms) = postSolution
		{7D304C11-4C0F-41DE-845F-CEAEA33BC21E}.Debug|Any CPU.ActiveCfg = Debug|Any CPU
		{7D304C11-4C0F-41DE-845F-CEAEA33BC21E}.Debug|Any CPU.Build.0 = Debug|Any CPU
		{7D304C11-4C0F-41DE-845F-CEAEA33BC21E}.Release|Any CPU.ActiveCfg = Release|Any CPU
		{7D304C11-4C0F-41DE-845F-CEAEA33BC21E}.Release|Any CPU.Build.0 = Release|Any CPU
		{B8E1D3A6-33E2-4843-8390-37ECF47992AF}.Debug|Any CPU.ActiveCfg = Debug
		{B8E1D3A6-33E2-4843-8390-37ECF47992AF}.Release|Any CPU.ActiveCfg = Release
	EndGlobalSection
	GlobalSection(SolutionProperties) = preSolution
		HideSolutionNode = FALSE
	EndGlobalSection
	GlobalSection(ExtensibilityGlobals) = postSolution
		SolutionGuid = {65F51800-5662-4F80-AD21-9E010E5B2FE9}
	EndGlobalSection
EndGlobal
